{
  "pins" : [
    {
      "identity" : "editvalueview",
      "kind" : "remoteSourceControl",
      "location" : "https://github.com/p-x9/EditValueView.git",
      "state" : {
        "revision" : "4b28fb2e370f3e18a52e25a0fa5e50dd33fbb7fc",
        "version" : "0.4.0"
      }
    },
    {
      "identity" : "keypathvalue",
      "kind" : "remoteSourceControl",
      "location" : "https://github.com/p-x9/KeyPathValue.git",
      "state" : {
        "revision" : "6aeb41d6c5564ae1f18e8b7a4bc5733d739558e3",
        "version" : "0.0.1"
      }
    },
    {
      "identity" : "swiftuicolor",
      "kind" : "remoteSourceControl",
      "location" : "https://github.com/p-x9/SwiftUIColor.git",
      "state" : {
        "revision" : "61238f7460a04314dc059df68a1aa4c4b7dcb5df",
        "version" : "0.3.0"
      }
    }
  ],
  "version" : 2
}
