{
  "pins" : [
    {
      "identity" : "editvalueview",
      "kind" : "remoteSourceControl",
      "location" : "https://github.com/p-x9/EditValueView.git",
      "state" : {
        "revision" : "b57b447b148f08f0557981f403f7282b3803399b",
        "version" : "0.0.7"
      }
    },
    {
      "identity" : "keypathvalue",
      "kind" : "remoteSourceControl",
      "location" : "https://github.com/p-x9/KeyPathValue.git",
      "state" : {
        "revision" : "6aeb41d6c5564ae1f18e8b7a4bc5733d739558e3",
        "version" : "0.0.1"
      }
    },
    {
      "identity" : "swift-collections",
      "kind" : "remoteSourceControl",
      "location" : "https://github.com/apple/swift-collections.git",
      "state" : {
        "revision" : "937e904258d22af6e447a0b72c0bc67583ef64a2",
        "version" : "1.0.4"
      }
    },
    {
      "identity" : "swiftuicolor",
      "kind" : "remoteSourceControl",
      "location" : "https://github.com/p-x9/SwiftUIColor.git",
      "state" : {
        "revision" : "61238f7460a04314dc059df68a1aa4c4b7dcb5df",
        "version" : "0.3.0"
      }
    }
  ],
  "version" : 2
}
